// !$*UTF8*$!
{
	archiveVersion = 1;
	classes = {
	};
	objectVersion = 46;
	objects = {

/* Begin PBXBuildFile section */
		80D65D9E1AB7CBC0006AF564 /* AppDelegate.m in Sources */ = {isa = PBXBuildFile; fileRef = 80D65D9D1AB7CBC0006AF564 /* AppDelegate.m */; };
		80D65DA01AB7CBC0006AF564 /* main.m in Sources */ = {isa = PBXBuildFile; fileRef = 80D65D9F1AB7CBC0006AF564 /* main.m */; };
		80D65DA31AB7CBC0006AF564 /* ViewController.m in Sources */ = {isa = PBXBuildFile; fileRef = 80D65DA21AB7CBC0006AF564 /* ViewController.m */; };
		80D65DA51AB7CBC1006AF564 /* Images.xcassets in Resources */ = {isa = PBXBuildFile; fileRef = 80D65DA41AB7CBC1006AF564 /* Images.xcassets */; };
		80D65DA81AB7CBC1006AF564 /* Main.storyboard in Resources */ = {isa = PBXBuildFile; fileRef = 80D65DA61AB7CBC1006AF564 /* Main.storyboard */; };
		80D65DB41AB7CBC1006AF564 /* Text_EditorTests.m in Sources */ = {isa = PBXBuildFile; fileRef = 80D65DB31AB7CBC1006AF564 /* Text_EditorTests.m */; };
/* End PBXBuildFile section */

/* Begin PBXContainerItemProxy section */
		80D65DAE1AB7CBC1006AF564 /* PBXContainerItemProxy */ = {
			isa = PBXContainerItemProxy;
			containerPortal = 80D65D8F1AB7CBC0006AF564 /* Project object */;
			proxyType = 1;
			remoteGlobalIDString = 80D65D961AB7CBC0006AF564;
			remoteInfo = "Text Editor";
		};
/* End PBXContainerItemProxy section */

/* Begin PBXFileReference section */
		80D65D971AB7CBC0006AF564 /* Text Editor.app */ = {isa = PBXFileReference; explicitFileType = wrapper.application; includeInIndex = 0; path = "Text Editor.app"; sourceTree = BUILT_PRODUCTS_DIR; };
		80D65D9B1AB7CBC0006AF564 /* Info.plist */ = {isa = PBXFileReference; lastKnownFileType = text.plist.xml; path = Info.plist; sourceTree = "<group>"; };
		80D65D9C1AB7CBC0006AF564 /* AppDelegate.h */ = {isa = PBXFileReference; lastKnownFileType = sourcecode.c.h; path = AppDelegate.h; sourceTree = "<group>"; };
		80D65D9D1AB7CBC0006AF564 /* AppDelegate.m */ = {isa = PBXFileReference; lastKnownFileType = sourcecode.c.objc; path = AppDelegate.m; sourceTree = "<group>"; };
		80D65D9F1AB7CBC0006AF564 /* main.m */ = {isa = PBXFileReference; lastKnownFileType = sourcecode.c.objc; path = main.m; sourceTree = "<group>"; };
		80D65DA11AB7CBC0006AF564 /* ViewController.h */ = {isa = PBXFileReference; lastKnownFileType = sourcecode.c.h; path = ViewController.h; sourceTree = "<group>"; };
		80D65DA21AB7CBC0006AF564 /* ViewController.m */ = {isa = PBXFileReference; lastKnownFileType = sourcecode.c.objc; path = ViewController.m; sourceTree = "<group>"; };
		80D65DA41AB7CBC1006AF564 /* Images.xcassets */ = {isa = PBXFileReference; lastKnownFileType = folder.assetcatalog; path = Images.xcassets; sourceTree = "<group>"; };
		80D65DA71AB7CBC1006AF564 /* Base */ = {isa = PBXFileReference; lastKnownFileType = file.storyboard; name = Base; path = Base.lproj/Main.storyboard; sourceTree = "<group>"; };
		80D65DAD1AB7CBC1006AF564 /* Text EditorTests.xctest */ = {isa = PBXFileReference; explicitFileType = wrapper.cfbundle; includeInIndex = 0; path = "Text EditorTests.xctest"; sourceTree = BUILT_PRODUCTS_DIR; };
		80D65DB21AB7CBC1006AF564 /* Info.plist */ = {isa = PBXFileReference; lastKnownFileType = text.plist.xml; path = Info.plist; sourceTree = "<group>"; };
		80D65DB31AB7CBC1006AF564 /* Text_EditorTests.m */ = {isa = PBXFileReference; lastKnownFileType = sourcecode.c.objc; path = Text_EditorTests.m; sourceTree = "<group>"; };
/* End PBXFileReference section */

/* Begin PBXFrameworksBuildPhase section */
		80D65D941AB7CBC0006AF564 /* Frameworks */ = {
			isa = PBXFrameworksBuildPhase;
			buildActionMask = 2147483647;
			files = (
			);
			runOnlyForDeploymentPostprocessing = 0;
		};
		80D65DAA1AB7CBC1006AF564 /* Frameworks */ = {
			isa = PBXFrameworksBuildPhase;
			buildActionMask = 2147483647;
			files = (
			);
			runOnlyForDeploymentPostprocessing = 0;
		};
/* End PBXFrameworksBuildPhase section */

/* Begin PBXGroup section */
		80D65D8E1AB7CBC0006AF564 = {
			isa = PBXGroup;
			children = (
				80D65D991AB7CBC0006AF564 /* Text Editor */,
				80D65DB01AB7CBC1006AF564 /* Text EditorTests */,
				80D65D981AB7CBC0006AF564 /* Products */,
			);
			sourceTree = "<group>";
		};
		80D65D981AB7CBC0006AF564 /* Products */ = {
			isa = PBXGroup;
			children = (
				80D65D971AB7CBC0006AF564 /* Text Editor.app */,
				80D65DAD1AB7CBC1006AF564 /* Text EditorTests.xctest */,
			);
			name = Products;
			sourceTree = "<group>";
		};
		80D65D991AB7CBC0006AF564 /* Text Editor */ = {
			isa = PBXGroup;
			children = (
				80D65D9C1AB7CBC0006AF564 /* AppDelegate.h */,
				80D65D9D1AB7CBC0006AF564 /* AppDelegate.m */,
				80D65DA11AB7CBC0006AF564 /* ViewController.h */,
				80D65DA21AB7CBC0006AF564 /* ViewController.m */,
				80D65DA41AB7CBC1006AF564 /* Images.xcassets */,
				80D65DA61AB7CBC1006AF564 /* Main.storyboard */,
				80D65D9A1AB7CBC0006AF564 /* Supporting Files */,
			);
			path = "Text Editor";
			sourceTree = "<group>";
		};
		80D65D9A1AB7CBC0006AF564 /* Supporting Files */ = {
			isa = PBXGroup;
			children = (
				80D65D9B1AB7CBC0006AF564 /* Info.plist */,
				80D65D9F1AB7CBC0006AF564 /* main.m */,
			);
			name = "Supporting Files";
			sourceTree = "<group>";
		};
		80D65DB01AB7CBC1006AF564 /* Text EditorTests */ = {
			isa = PBXGroup;
			children = (
				80D65DB31AB7CBC1006AF564 /* Text_EditorTests.m */,
				80D65DB11AB7CBC1006AF564 /* Supporting Files */,
			);
			path = "Text EditorTests";
			sourceTree = "<group>";
		};
		80D65DB11AB7CBC1006AF564 /* Supporting Files */ = {
			isa = PBXGroup;
			children = (
				80D65DB21AB7CBC1006AF564 /* Info.plist */,
			);
			name = "Supporting Files";
			sourceTree = "<group>";
		};
/* End PBXGroup section */

/* Begin PBXNativeTarget section */
		80D65D961AB7CBC0006AF564 /* Text Editor */ = {
			isa = PBXNativeTarget;
			buildConfigurationList = 80D65DB71AB7CBC1006AF564 /* Build configuration list for PBXNativeTarget "Text Editor" */;
			buildPhases = (
				80D65D931AB7CBC0006AF564 /* Sources */,
				80D65D941AB7CBC0006AF564 /* Frameworks */,
				80D65D951AB7CBC0006AF564 /* Resources */,
			);
			buildRules = (
			);
			dependencies = (
			);
			name = "Text Editor";
			productName = "Text Editor";
			productReference = 80D65D971AB7CBC0006AF564 /* Text Editor.app */;
			productType = "com.apple.product-type.application";
		};
		80D65DAC1AB7CBC1006AF564 /* Text EditorTests */ = {
			isa = PBXNativeTarget;
			buildConfigurationList = 80D65DBA1AB7CBC1006AF564 /* Build configuration list for PBXNativeTarget "Text EditorTests" */;
			buildPhases = (
				80D65DA91AB7CBC1006AF564 /* Sources */,
				80D65DAA1AB7CBC1006AF564 /* Frameworks */,
				80D65DAB1AB7CBC1006AF564 /* Resources */,
			);
			buildRules = (
			);
			dependencies = (
				80D65DAF1AB7CBC1006AF564 /* PBXTargetDependency */,
			);
			name = "Text EditorTests";
			productName = "Text EditorTests";
			productReference = 80D65DAD1AB7CBC1006AF564 /* Text EditorTests.xctest */;
			productType = "com.apple.product-type.bundle.unit-test";
		};
/* End PBXNativeTarget section */

/* Begin PBXProject section */
		80D65D8F1AB7CBC0006AF564 /* Project object */ = {
			isa = PBXProject;
			attributes = {
				LastUpgradeCheck = 0610;
				ORGANIZATIONNAME = "Henry Mound";
				TargetAttributes = {
					80D65D961AB7CBC0006AF564 = {
						CreatedOnToolsVersion = 6.1.1;
					};
					80D65DAC1AB7CBC1006AF564 = {
						CreatedOnToolsVersion = 6.1.1;
						TestTargetID = 80D65D961AB7CBC0006AF564;
					};
				};
			};
			buildConfigurationList = 80D65D921AB7CBC0006AF564 /* Build configuration list for PBXProject "Text Editor" */;
			compatibilityVersion = "Xcode 3.2";
			developmentRegion = English;
			hasScannedForEncodings = 0;
			knownRegions = (
				en,
				Base,
			);
			mainGroup = 80D65D8E1AB7CBC0006AF564;
			productRefGroup = 80D65D981AB7CBC0006AF564 /* Products */;
			projectDirPath = "";
			projectRoot = "";
			targets = (
				80D65D961AB7CBC0006AF564 /* Text Editor */,
				80D65DAC1AB7CBC1006AF564 /* Text EditorTests */,
			);
		};
/* End PBXProject section */

/* Begin PBXResourcesBuildPhase section */
		80D65D951AB7CBC0006AF564 /* Resources */ = {
			isa = PBXResourcesBuildPhase;
			buildActionMask = 2147483647;
			files = (
				80D65DA51AB7CBC1006AF564 /* Images.xcassets in Resources */,
				80D65DA81AB7CBC1006AF564 /* Main.storyboard in Resources */,
			);
			runOnlyForDeploymentPostprocessing = 0;
		};
		80D65DAB1AB7CBC1006AF564 /* Resources */ = {
			isa = PBXResourcesBuildPhase;
			buildActionMask = 2147483647;
			files = (
			);
			runOnlyForDeploymentPostprocessing = 0;
		};
/* End PBXResourcesBuildPhase section */

/* Begin PBXSourcesBuildPhase section */
		80D65D931AB7CBC0006AF564 /* Sources */ = {
			isa = PBXSourcesBuildPhase;
			buildActionMask = 2147483647;
			files = (
				80D65DA31AB7CBC0006AF564 /* ViewController.m in Sources */,
				80D65DA01AB7CBC0006AF564 /* main.m in Sources */,
				80D65D9E1AB7CBC0006AF564 /* AppDelegate.m in Sources */,
			);
			runOnlyForDeploymentPostprocessing = 0;
		};
		80D65DA91AB7CBC1006AF564 /* Sources */ = {
			isa = PBXSourcesBuildPhase;
			buildActionMask = 2147483647;
			files = (
				80D65DB41AB7CBC1006AF564 /* Text_EditorTests.m in Sources */,
			);
			runOnlyForDeploymentPostprocessing = 0;
		};
/* End PBXSourcesBuildPhase section */

/* Begin PBXTargetDependency section */
		80D65DAF1AB7CBC1006AF564 /* PBXTargetDependency */ = {
			isa = PBXTargetDependency;
			target = 80D65D961AB7CBC0006AF564 /* Text Editor */;
			targetProxy = 80D65DAE1AB7CBC1006AF564 /* PBXContainerItemProxy */;
		};
/* End PBXTargetDependency section */

/* Begin PBXVariantGroup section */
		80D65DA61AB7CBC1006AF564 /* Main.storyboard */ = {
			isa = PBXVariantGroup;
			children = (
				80D65DA71AB7CBC1006AF564 /* Base */,
			);
			name = Main.storyboard;
			sourceTree = "<group>";
		};
/* End PBXVariantGroup section */

/* Begin XCBuildConfiguration section */
		80D65DB51AB7CBC1006AF564 /* Debug */ = {
			isa = XCBuildConfiguration;
			buildSettings = {
				ALWAYS_SEARCH_USER_PATHS = NO;
				CLANG_CXX_LANGUAGE_STANDARD = "gnu++0x";
				CLANG_CXX_LIBRARY = "libc++";
				CLANG_ENABLE_MODULES = YES;
				CLANG_ENABLE_OBJC_ARC = YES;
				CLANG_WARN_BOOL_CONVERSION = YES;
				CLANG_WARN_CONSTANT_CONVERSION = YES;
				CLANG_WARN_DIRECT_OBJC_ISA_USAGE = YES_ERROR;
				CLANG_WARN_EMPTY_BODY = YES;
				CLANG_WARN_ENUM_CONVERSION = YES;
				CLANG_WARN_INT_CONVERSION = YES;
				CLANG_WARN_OBJC_ROOT_CLASS = YES_ERROR;
				CLANG_WARN_UNREACHABLE_CODE = YES;
				CLANG_WARN__DUPLICATE_METHOD_MATCH = YES;
				CODE_SIGN_IDENTITY = "-";
				COPY_PHASE_STRIP = NO;
				ENABLE_STRICT_OBJC_MSGSEND = YES;
				GCC_C_LANGUAGE_STANDARD = gnu99;
				GCC_DYNAMIC_NO_PIC = NO;
				GCC_OPTIMIZATION_LEVEL = 0;
				GCC_PREPROCESSOR_DEFINITIONS = (
					"DEBUG=1",
					"$(inherited)",
				);
				GCC_SYMBOLS_PRIVATE_EXTERN = NO;
				GCC_WARN_64_TO_32_BIT_CONVERSION = YES;
				GCC_WARN_ABOUT_RETURN_TYPE = YES_ERROR;
				GCC_WARN_UNDECLARED_SELECTOR = YES;
				GCC_WARN_UNINITIALIZED_AUTOS = YES_AGGRESSIVE;
				GCC_WARN_UNUSED_FUNCTION = YES;
				GCC_WARN_UNUSED_VARIABLE = YES;
				MACOSX_DEPLOYMENT_TARGET = 10.10;
				MTL_ENABLE_DEBUG_INFO = YES;
				ONLY_ACTIVE_ARCH = YES;
				SDKROOT = macosx;
			};
			name = Debug;
		};
		80D65DB61AB7CBC1006AF564 /* Release */ = {
			isa = XCBuildConfiguration;
			buildSettings = {
				ALWAYS_SEARCH_USER_PATHS = NO;
				CLANG_CXX_LANGUAGE_STANDARD = "gnu++0x";
				CLANG_CXX_LIBRARY = "libc++";
				CLANG_ENABLE_MODULES = YES;
				CLANG_ENABLE_OBJC_ARC = YES;
				CLANG_WARN_BOOL_CONVERSION = YES;
				CLANG_WARN_CONSTANT_CONVERSION = YES;
				CLANG_WARN_DIRECT_OBJC_ISA_USAGE = YES_ERROR;
				CLANG_WARN_EMPTY_BODY = YES;
				CLANG_WARN_ENUM_CONVERSION = YES;
				CLANG_WARN_INT_CONVERSION = YES;
				CLANG_WARN_OBJC_ROOT_CLASS = YES_ERROR;
				CLANG_WARN_UNREACHABLE_CODE = YES;
				CLANG_WARN__DUPLICATE_METHOD_MATCH = YES;
				CODE_SIGN_IDENTITY = "-";
				COPY_PHASE_STRIP = YES;
				DEBUG_INFORMATION_FORMAT = "dwarf-with-dsym";
				ENABLE_NS_ASSERTIONS = NO;
				ENABLE_STRICT_OBJC_MSGSEND = YES;
				GCC_C_LANGUAGE_STANDARD = gnu99;
				GCC_WARN_64_TO_32_BIT_CONVERSION = YES;
				GCC_WARN_ABOUT_RETURN_TYPE = YES_ERROR;
				GCC_WARN_UNDECLARED_SELECTOR = YES;
				GCC_WARN_UNINITIALIZED_AUTOS = YES_AGGRESSIVE;
				GCC_WARN_UNUSED_FUNCTION = YES;
				GCC_WARN_UNUSED_VARIABLE = YES;
				MACOSX_DEPLOYMENT_TARGET = 10.10;
				MTL_ENABLE_DEBUG_INFO = NO;
				SDKROOT = macosx;
			};
			name = Release;
		};
		80D65DB81AB7CBC1006AF564 /* Debug */ = {
			isa = XCBuildConfiguration;
			buildSettings = {
				ASSETCATALOG_COMPILER_APPICON_NAME = AppIcon;
				COMBINE_HIDPI_IMAGES = YES;
				INFOPLIST_FILE = "Text Editor/Info.plist";
				LD_RUNPATH_SEARCH_PATHS = "$(inherited) @executable_path/../Frameworks";
				PRODUCT_NAME = "$(TARGET_NAME)";
			};
			name = Debug;
		};
		80D65DB91AB7CBC1006AF564 /* Release */ = {
			isa = XCBuildConfiguration;
			buildSettings = {
				ASSETCATALOG_COMPILER_APPICON_NAME = AppIcon;
				COMBINE_HIDPI_IMAGES = YES;
				INFOPLIST_FILE = "Text Editor/Info.plist";
				LD_RUNPATH_SEARCH_PATHS = "$(inherited) @executable_path/../Frameworks";
				PRODUCT_NAME = "$(TARGET_NAME)";
			};
			name = Release;
		};
		80D65DBB1AB7CBC1006AF564 /* Debug */ = {
			isa = XCBuildConfiguration;
			buildSettings = {
				BUNDLE_LOADER = "$(TEST_HOST)";
				COMBINE_HIDPI_IMAGES = YES;
				FRAMEWORK_SEARCH_PATHS = (
					"$(DEVELOPER_FRAMEWORKS_DIR)",
					"$(inherited)",
				);
				GCC_PREPROCESSOR_DEFINITIONS = (
					"DEBUG=1",
					"$(inherited)",
				);
				INFOPLIST_FILE = "Text EditorTests/Info.plist";
				LD_RUNPATH_SEARCH_PATHS = "$(inherited) @executable_path/../Frameworks @loader_path/../Frameworks";
				PRODUCT_NAME = "$(TARGET_NAME)";
				TEST_HOST = "$(BUILT_PRODUCTS_DIR)/Text Editor.app/Contents/MacOS/Text Editor";
			};
			name = Debug;
		};
		80D65DBC1AB7CBC1006AF564 /* Release */ = {
			isa = XCBuildConfiguration;
			buildSettings = {
				BUNDLE_LOADER = "$(TEST_HOST)";
				COMBINE_HIDPI_IMAGES = YES;
				FRAMEWORK_SEARCH_PATHS = (
					"$(DEVELOPER_FRAMEWORKS_DIR)",
					"$(inherited)",
				);
				INFOPLIST_FILE = "Text EditorTests/Info.plist";
				LD_RUNPATH_SEARCH_PATHS = "$(inherited) @executable_path/../Frameworks @loader_path/../Frameworks";
				PRODUCT_NAME = "$(TARGET_NAME)";
				TEST_HOST = "$(BUILT_PRODUCTS_DIR)/Text Editor.app/Contents/MacOS/Text Editor";
			};
			name = Release;
		};
/* End XCBuildConfiguration section */

/* Begin XCConfigurationList section */
		80D65D921AB7CBC0006AF564 /* Build configuration list for PBXProject "Text Editor" */ = {
			isa = XCConfigurationList;
			buildConfigurations = (
				80D65DB51AB7CBC1006AF564 /* Debug */,
				80D65DB61AB7CBC1006AF564 /* Release */,
			);
			defaultConfigurationIsVisible = 0;
			defaultConfigurationName = Release;
		};
		80D65DB71AB7CBC1006AF564 /* Build configuration list for PBXNativeTarget "Text Editor" */ = {
			isa = XCConfigurationList;
			buildConfigurations = (
				80D65DB81AB7CBC1006AF564 /* Debug */,
				80D65DB91AB7CBC1006AF564 /* Release */,
			);
			defaultConfigurationIsVisible = 0;
		};
		80D65DBA1AB7CBC1006AF564 /* Build configuration list for PBXNativeTarget "Text EditorTests" */ = {
			isa = XCConfigurationList;
			buildConfigurations = (
				80D65DBB1AB7CBC1006AF564 /* Debug */,
				80D65DBC1AB7CBC1006AF564 /* Release */,
			);
			defaultConfigurationIsVisible = 0;
		};
/* End XCConfigurationList section */
	};
	rootObject = 80D65D8F1AB7CBC0006AF564 /* Project object */;
}
